{
  "name": "uni-app-demo",
  "version": "1.0.0",
  "lockfileVersion": 1,
  "requires": true,
  "dependencies": {
    "mescroll-uni": {
      "version": "1.0.1",
      "resolved": "https://registry.npmjs.org/mescroll-uni/-/mescroll-uni-1.0.1.tgz",
      "integrity": "sha512-hxbFeiaJkCj5trydfpwDHYcM6Q0yxz4UmID4yfpjUDuEjWY/RBSccB6T3550JfDFVtkViw8G6KhVBDbpj2Ounw=="
    }
  }
}
